// !$*UTF8*$!
{
	archiveVersion = 1;
	classes = {
	};
	objectVersion = 56;
	objects = {

/* Begin PBXBuildFile section */
		AF0599092B03CF0E00F00E41 /* DetailGameView.swift in Sources */ = {isa = PBXBuildFile; fileRef = AF0599082B03CF0E00F00E41 /* DetailGameView.swift */; };
		AF05990B2B03CF5400F00E41 /* DetailGroundView.swift in Sources */ = {isa = PBXBuildFile; fileRef = AF05990A2B03CF5400F00E41 /* DetailGroundView.swift */; };
		AF05990D2B03CF6900F00E41 /* DetailPlayerView.swift in Sources */ = {isa = PBXBuildFile; fileRef = AF05990C2B03CF6900F00E41 /* DetailPlayerView.swift */; };
		AF05990F2B03D0C400F00E41 /* GetGameData.swift in Sources */ = {isa = PBXBuildFile; fileRef = AF05990E2B03D0C400F00E41 /* GetGameData.swift */; };
		AF0599112B03F8D500F00E41 /* DetailTeamView.swift in Sources */ = {isa = PBXBuildFile; fileRef = AF0599102B03F8D500F00E41 /* DetailTeamView.swift */; };
		AF0F618D2B07605600695359 /* ViewModel.swift in Sources */ = {isa = PBXBuildFile; fileRef = AF0F618C2B07605600695359 /* ViewModel.swift */; };
		AF1CE0CD2B02B1E000F70041 /* Structs.swift in Sources */ = {isa = PBXBuildFile; fileRef = AF1CE0CC2B02B1E000F70041 /* Structs.swift */; };
		AF40FD5D2B043039006FAE35 /* DetailLadderHeaderView.swift in Sources */ = {isa = PBXBuildFile; fileRef = AF40FD5C2B043039006FAE35 /* DetailLadderHeaderView.swift */; };
		AF40FD5F2B043053006FAE35 /* DetailLadderItemView.swift in Sources */ = {isa = PBXBuildFile; fileRef = AF40FD5E2B043053006FAE35 /* DetailLadderItemView.swift */; };
		AF40FD612B043125006FAE35 /* LadderItemView.swift in Sources */ = {isa = PBXBuildFile; fileRef = AF40FD602B043125006FAE35 /* LadderItemView.swift */; };
		AF40FD632B04390E006FAE35 /* DetailLadderView.swift in Sources */ = {isa = PBXBuildFile; fileRef = AF40FD622B04390E006FAE35 /* DetailLadderView.swift */; };
		AF40FD652B044DFB006FAE35 /* DetailStatsView.swift in Sources */ = {isa = PBXBuildFile; fileRef = AF40FD642B044DFB006FAE35 /* DetailStatsView.swift */; };
		AF40FD672B044E11006FAE35 /* PlayerStatsView.swift in Sources */ = {isa = PBXBuildFile; fileRef = AF40FD662B044E11006FAE35 /* PlayerStatsView.swift */; };
		AF40FD692B044E5B006FAE35 /* GetStatsData.swift in Sources */ = {isa = PBXBuildFile; fileRef = AF40FD682B044E5B006FAE35 /* GetStatsData.swift */; };
		AF40FD6B2B0450B5006FAE35 /* DetailStatsHeaderView.swift in Sources */ = {isa = PBXBuildFile; fileRef = AF40FD6A2B0450B5006FAE35 /* DetailStatsHeaderView.swift */; };
		AF40FD6D2B0458A2006FAE35 /* DetailPlayerStatsView.swift in Sources */ = {isa = PBXBuildFile; fileRef = AF40FD6C2B0458A2006FAE35 /* DetailPlayerStatsView.swift */; };
		AF40FD712B045968006FAE35 /* GetPlayerData.swift in Sources */ = {isa = PBXBuildFile; fileRef = AF40FD702B045968006FAE35 /* GetPlayerData.swift */; };
		AF46CC412B0986EA00673133 /* FirstSection.swift in Sources */ = {isa = PBXBuildFile; fileRef = AF46CC402B0986EA00673133 /* FirstSection.swift */; };
		AF608B612B06BE3500BF5D5C /* HighlightSection.swift in Sources */ = {isa = PBXBuildFile; fileRef = AF608B602B06BE3500BF5D5C /* HighlightSection.swift */; };
		AF608B632B06CD5800BF5D5C /* Test.swift in Sources */ = {isa = PBXBuildFile; fileRef = AF608B622B06CD5800BF5D5C /* Test.swift */; };
		AF6A888A2B0472DF00E08205 /* DetailRoundView.swift in Sources */ = {isa = PBXBuildFile; fileRef = AF6A88892B0472DF00E08205 /* DetailRoundView.swift */; };
		AF6A888C2B0473B700E08205 /* GetRoundData.swift in Sources */ = {isa = PBXBuildFile; fileRef = AF6A888B2B0473B700E08205 /* GetRoundData.swift */; };
		AF6F77AD2B02946A00BC8F15 /* Hockey_VICApp.swift in Sources */ = {isa = PBXBuildFile; fileRef = AF6F77AC2B02946A00BC8F15 /* Hockey_VICApp.swift */; };
		AF6F77AF2B02946A00BC8F15 /* ContentView.swift in Sources */ = {isa = PBXBuildFile; fileRef = AF6F77AE2B02946A00BC8F15 /* ContentView.swift */; };
		AF6F77B32B02946A00BC8F15 /* Assets.xcassets in Resources */ = {isa = PBXBuildFile; fileRef = AF6F77B22B02946A00BC8F15 /* Assets.xcassets */; };
		AF6F77B62B02946A00BC8F15 /* Preview Assets.xcassets in Resources */ = {isa = PBXBuildFile; fileRef = AF6F77B52B02946A00BC8F15 /* Preview Assets.xcassets */; };
		AF6F77BD2B02975200BC8F15 /* NetworkMonitor.swift in Sources */ = {isa = PBXBuildFile; fileRef = AF6F77BC2B02975200BC8F15 /* NetworkMonitor.swift */; };
		AF6F77C02B0297FB00BC8F15 /* NoNetworkView.swift in Sources */ = {isa = PBXBuildFile; fileRef = AF6F77BF2B0297FB00BC8F15 /* NoNetworkView.swift */; };
		AF6F77C42B02983200BC8F15 /* MainTabView.swift in Sources */ = {isa = PBXBuildFile; fileRef = AF6F77C32B02983200BC8F15 /* MainTabView.swift */; };
		AF6F77C62B0298C800BC8F15 /* SelectClubView.swift in Sources */ = {isa = PBXBuildFile; fileRef = AF6F77C52B0298C800BC8F15 /* SelectClubView.swift */; };
		AF6F77C82B02992400BC8F15 /* SelectCompetitionView.swift in Sources */ = {isa = PBXBuildFile; fileRef = AF6F77C72B02992400BC8F15 /* SelectCompetitionView.swift */; };
		AF6F77CA2B029B9B00BC8F15 /* LoadingView.swift in Sources */ = {isa = PBXBuildFile; fileRef = AF6F77C92B029B9B00BC8F15 /* LoadingView.swift */; };
		AF6F77CE2B029CC200BC8F15 /* DetailSearchView.swift in Sources */ = {isa = PBXBuildFile; fileRef = AF6F77CD2B029CC200BC8F15 /* DetailSearchView.swift */; };
		AF6F77D02B029D1600BC8F15 /* DetailCompetitionView.swift in Sources */ = {isa = PBXBuildFile; fileRef = AF6F77CF2B029D1600BC8F15 /* DetailCompetitionView.swift */; };
		AF6F77D32B029F3300BC8F15 /* GeneralFunctions.swift in Sources */ = {isa = PBXBuildFile; fileRef = AF6F77D22B029F3300BC8F15 /* GeneralFunctions.swift */; };
		AF6F77D52B02AD0800BC8F15 /* SwiftDataModel.swift in Sources */ = {isa = PBXBuildFile; fileRef = AF6F77D42B02AD0800BC8F15 /* SwiftDataModel.swift */; };
		AF91F3CF2B096A2500BAF6F5 /* FixtureView.swift in Sources */ = {isa = PBXBuildFile; fileRef = AF91F3CE2B096A2500BAF6F5 /* FixtureView.swift */; };
		AF91F3D12B096B2400BAF6F5 /* GetFixtureData.swift in Sources */ = {isa = PBXBuildFile; fileRef = AF91F3D02B096B2400BAF6F5 /* GetFixtureData.swift */; };
		AF91F3D32B096DB200BAF6F5 /* DetailFixtureView.swift in Sources */ = {isa = PBXBuildFile; fileRef = AF91F3D22B096DB200BAF6F5 /* DetailFixtureView.swift */; };
		AFC2A1102B08423A00FF6DB0 /* GetLadderData.swift in Sources */ = {isa = PBXBuildFile; fileRef = AFC2A10F2B08423A00FF6DB0 /* GetLadderData.swift */; };
		AFCAEA422B038446008CA455 /* SelectTeamView.swift in Sources */ = {isa = PBXBuildFile; fileRef = AFCAEA412B038446008CA455 /* SelectTeamView.swift */; };
		AFD9FBB82B0515FA006536C1 /* DetailRoundHeaderView.swift in Sources */ = {isa = PBXBuildFile; fileRef = AFD9FBB72B0515FA006536C1 /* DetailRoundHeaderView.swift */; };
		AFE291D32B03A6F0000C9B31 /* StatisticsView.swift in Sources */ = {isa = PBXBuildFile; fileRef = AFE291D22B03A6F0000C9B31 /* StatisticsView.swift */; };
		AFE291D52B03A70C000C9B31 /* RoundView.swift in Sources */ = {isa = PBXBuildFile; fileRef = AFE291D42B03A70C000C9B31 /* RoundView.swift */; };
		AFE291D72B03A728000C9B31 /* LadderView.swift in Sources */ = {isa = PBXBuildFile; fileRef = AFE291D62B03A728000C9B31 /* LadderView.swift */; };
		AFE291D92B03A76A000C9B31 /* SetTeamsView.swift in Sources */ = {isa = PBXBuildFile; fileRef = AFE291D82B03A76A000C9B31 /* SetTeamsView.swift */; };
		AFE291DB2B03AB17000C9B31 /* ErrorMessageView.swift in Sources */ = {isa = PBXBuildFile; fileRef = AFE291DA2B03AB17000C9B31 /* ErrorMessageView.swift */; };
		AFE291DD2B03AE31000C9B31 /* GetSchedData.swift in Sources */ = {isa = PBXBuildFile; fileRef = AFE291DC2B03AE31000C9B31 /* GetSchedData.swift */; };
		AFE291E12B03BD7B000C9B31 /* CenterSection.swift in Sources */ = {isa = PBXBuildFile; fileRef = AFE291E02B03BD7B000C9B31 /* CenterSection.swift */; };
		AFE291E42B03BF0E000C9B31 /* GameView.swift in Sources */ = {isa = PBXBuildFile; fileRef = AFE291E32B03BF0E000C9B31 /* GameView.swift */; };
		AFED2CDF2B0573CB00482832 /* HeaderDivType.swift in Sources */ = {isa = PBXBuildFile; fileRef = AFED2CDE2B0573CB00482832 /* HeaderDivType.swift */; };
		AFED2CE12B05741200482832 /* HeaderCompName.swift in Sources */ = {isa = PBXBuildFile; fileRef = AFED2CE02B05741200482832 /* HeaderCompName.swift */; };
/* End PBXBuildFile section */

/* Begin PBXFileReference section */
		AF0599082B03CF0E00F00E41 /* DetailGameView.swift */ = {isa = PBXFileReference; lastKnownFileType = sourcecode.swift; path = DetailGameView.swift; sourceTree = "<group>"; };
		AF05990A2B03CF5400F00E41 /* DetailGroundView.swift */ = {isa = PBXFileReference; lastKnownFileType = sourcecode.swift; path = DetailGroundView.swift; sourceTree = "<group>"; };
		AF05990C2B03CF6900F00E41 /* DetailPlayerView.swift */ = {isa = PBXFileReference; lastKnownFileType = sourcecode.swift; path = DetailPlayerView.swift; sourceTree = "<group>"; };
		AF05990E2B03D0C400F00E41 /* GetGameData.swift */ = {isa = PBXFileReference; lastKnownFileType = sourcecode.swift; path = GetGameData.swift; sourceTree = "<group>"; };
		AF0599102B03F8D500F00E41 /* DetailTeamView.swift */ = {isa = PBXFileReference; lastKnownFileType = sourcecode.swift; path = DetailTeamView.swift; sourceTree = "<group>"; };
		AF0F618C2B07605600695359 /* ViewModel.swift */ = {isa = PBXFileReference; lastKnownFileType = sourcecode.swift; path = ViewModel.swift; sourceTree = "<group>"; };
		AF1CE0CC2B02B1E000F70041 /* Structs.swift */ = {isa = PBXFileReference; lastKnownFileType = sourcecode.swift; path = Structs.swift; sourceTree = "<group>"; };
		AF40FD5C2B043039006FAE35 /* DetailLadderHeaderView.swift */ = {isa = PBXFileReference; lastKnownFileType = sourcecode.swift; path = DetailLadderHeaderView.swift; sourceTree = "<group>"; };
		AF40FD5E2B043053006FAE35 /* DetailLadderItemView.swift */ = {isa = PBXFileReference; lastKnownFileType = sourcecode.swift; path = DetailLadderItemView.swift; sourceTree = "<group>"; };
		AF40FD602B043125006FAE35 /* LadderItemView.swift */ = {isa = PBXFileReference; lastKnownFileType = sourcecode.swift; path = LadderItemView.swift; sourceTree = "<group>"; };
		AF40FD622B04390E006FAE35 /* DetailLadderView.swift */ = {isa = PBXFileReference; lastKnownFileType = sourcecode.swift; path = DetailLadderView.swift; sourceTree = "<group>"; };
		AF40FD642B044DFB006FAE35 /* DetailStatsView.swift */ = {isa = PBXFileReference; lastKnownFileType = sourcecode.swift; path = DetailStatsView.swift; sourceTree = "<group>"; };
		AF40FD662B044E11006FAE35 /* PlayerStatsView.swift */ = {isa = PBXFileReference; lastKnownFileType = sourcecode.swift; path = PlayerStatsView.swift; sourceTree = "<group>"; };
		AF40FD682B044E5B006FAE35 /* GetStatsData.swift */ = {isa = PBXFileReference; lastKnownFileType = sourcecode.swift; path = GetStatsData.swift; sourceTree = "<group>"; };
		AF40FD6A2B0450B5006FAE35 /* DetailStatsHeaderView.swift */ = {isa = PBXFileReference; lastKnownFileType = sourcecode.swift; path = DetailStatsHeaderView.swift; sourceTree = "<group>"; };
		AF40FD6C2B0458A2006FAE35 /* DetailPlayerStatsView.swift */ = {isa = PBXFileReference; lastKnownFileType = sourcecode.swift; path = DetailPlayerStatsView.swift; sourceTree = "<group>"; };
		AF40FD702B045968006FAE35 /* GetPlayerData.swift */ = {isa = PBXFileReference; lastKnownFileType = sourcecode.swift; path = GetPlayerData.swift; sourceTree = "<group>"; };
		AF46CC402B0986EA00673133 /* FirstSection.swift */ = {isa = PBXFileReference; lastKnownFileType = sourcecode.swift; path = FirstSection.swift; sourceTree = "<group>"; };
		AF608B602B06BE3500BF5D5C /* HighlightSection.swift */ = {isa = PBXFileReference; lastKnownFileType = sourcecode.swift; path = HighlightSection.swift; sourceTree = "<group>"; };
		AF608B622B06CD5800BF5D5C /* Test.swift */ = {isa = PBXFileReference; lastKnownFileType = sourcecode.swift; path = Test.swift; sourceTree = "<group>"; };
		AF6A88892B0472DF00E08205 /* DetailRoundView.swift */ = {isa = PBXFileReference; lastKnownFileType = sourcecode.swift; path = DetailRoundView.swift; sourceTree = "<group>"; };
		AF6A888B2B0473B700E08205 /* GetRoundData.swift */ = {isa = PBXFileReference; lastKnownFileType = sourcecode.swift; path = GetRoundData.swift; sourceTree = "<group>"; };
		AF6F77A92B02946A00BC8F15 /* Hockey VIC.app */ = {isa = PBXFileReference; explicitFileType = wrapper.application; includeInIndex = 0; path = "Hockey VIC.app"; sourceTree = BUILT_PRODUCTS_DIR; };
		AF6F77AC2B02946A00BC8F15 /* Hockey_VICApp.swift */ = {isa = PBXFileReference; lastKnownFileType = sourcecode.swift; path = Hockey_VICApp.swift; sourceTree = "<group>"; };
		AF6F77AE2B02946A00BC8F15 /* ContentView.swift */ = {isa = PBXFileReference; lastKnownFileType = sourcecode.swift; path = ContentView.swift; sourceTree = "<group>"; };
		AF6F77B22B02946A00BC8F15 /* Assets.xcassets */ = {isa = PBXFileReference; lastKnownFileType = folder.assetcatalog; path = Assets.xcassets; sourceTree = "<group>"; };
		AF6F77B52B02946A00BC8F15 /* Preview Assets.xcassets */ = {isa = PBXFileReference; lastKnownFileType = folder.assetcatalog; path = "Preview Assets.xcassets"; sourceTree = "<group>"; };
		AF6F77BC2B02975200BC8F15 /* NetworkMonitor.swift */ = {isa = PBXFileReference; lastKnownFileType = sourcecode.swift; path = NetworkMonitor.swift; sourceTree = "<group>"; };
		AF6F77BF2B0297FB00BC8F15 /* NoNetworkView.swift */ = {isa = PBXFileReference; lastKnownFileType = sourcecode.swift; path = NoNetworkView.swift; sourceTree = "<group>"; };
		AF6F77C32B02983200BC8F15 /* MainTabView.swift */ = {isa = PBXFileReference; lastKnownFileType = sourcecode.swift; path = MainTabView.swift; sourceTree = "<group>"; };
		AF6F77C52B0298C800BC8F15 /* SelectClubView.swift */ = {isa = PBXFileReference; lastKnownFileType = sourcecode.swift; path = SelectClubView.swift; sourceTree = "<group>"; };
		AF6F77C72B02992400BC8F15 /* SelectCompetitionView.swift */ = {isa = PBXFileReference; lastKnownFileType = sourcecode.swift; path = SelectCompetitionView.swift; sourceTree = "<group>"; };
		AF6F77C92B029B9B00BC8F15 /* LoadingView.swift */ = {isa = PBXFileReference; lastKnownFileType = sourcecode.swift; path = LoadingView.swift; sourceTree = "<group>"; };
		AF6F77CD2B029CC200BC8F15 /* DetailSearchView.swift */ = {isa = PBXFileReference; lastKnownFileType = sourcecode.swift; path = DetailSearchView.swift; sourceTree = "<group>"; };
		AF6F77CF2B029D1600BC8F15 /* DetailCompetitionView.swift */ = {isa = PBXFileReference; lastKnownFileType = sourcecode.swift; path = DetailCompetitionView.swift; sourceTree = "<group>"; };
		AF6F77D22B029F3300BC8F15 /* GeneralFunctions.swift */ = {isa = PBXFileReference; lastKnownFileType = sourcecode.swift; path = GeneralFunctions.swift; sourceTree = "<group>"; };
		AF6F77D42B02AD0800BC8F15 /* SwiftDataModel.swift */ = {isa = PBXFileReference; lastKnownFileType = sourcecode.swift; path = SwiftDataModel.swift; sourceTree = "<group>"; };
		AF91F3CE2B096A2500BAF6F5 /* FixtureView.swift */ = {isa = PBXFileReference; lastKnownFileType = sourcecode.swift; path = FixtureView.swift; sourceTree = "<group>"; };
		AF91F3D02B096B2400BAF6F5 /* GetFixtureData.swift */ = {isa = PBXFileReference; lastKnownFileType = sourcecode.swift; path = GetFixtureData.swift; sourceTree = "<group>"; };
		AF91F3D22B096DB200BAF6F5 /* DetailFixtureView.swift */ = {isa = PBXFileReference; lastKnownFileType = sourcecode.swift; path = DetailFixtureView.swift; sourceTree = "<group>"; };
		AFC2A10F2B08423A00FF6DB0 /* GetLadderData.swift */ = {isa = PBXFileReference; lastKnownFileType = sourcecode.swift; path = GetLadderData.swift; sourceTree = "<group>"; };
		AFCAEA412B038446008CA455 /* SelectTeamView.swift */ = {isa = PBXFileReference; lastKnownFileType = sourcecode.swift; path = SelectTeamView.swift; sourceTree = "<group>"; };
		AFD9FBB72B0515FA006536C1 /* DetailRoundHeaderView.swift */ = {isa = PBXFileReference; lastKnownFileType = sourcecode.swift; path = DetailRoundHeaderView.swift; sourceTree = "<group>"; };
		AFE291D22B03A6F0000C9B31 /* StatisticsView.swift */ = {isa = PBXFileReference; lastKnownFileType = sourcecode.swift; path = StatisticsView.swift; sourceTree = "<group>"; };
		AFE291D42B03A70C000C9B31 /* RoundView.swift */ = {isa = PBXFileReference; lastKnownFileType = sourcecode.swift; path = RoundView.swift; sourceTree = "<group>"; };
		AFE291D62B03A728000C9B31 /* LadderView.swift */ = {isa = PBXFileReference; lastKnownFileType = sourcecode.swift; path = LadderView.swift; sourceTree = "<group>"; };
		AFE291D82B03A76A000C9B31 /* SetTeamsView.swift */ = {isa = PBXFileReference; lastKnownFileType = sourcecode.swift; path = SetTeamsView.swift; sourceTree = "<group>"; };
		AFE291DA2B03AB17000C9B31 /* ErrorMessageView.swift */ = {isa = PBXFileReference; lastKnownFileType = sourcecode.swift; path = ErrorMessageView.swift; sourceTree = "<group>"; };
		AFE291DC2B03AE31000C9B31 /* GetSchedData.swift */ = {isa = PBXFileReference; lastKnownFileType = sourcecode.swift; path = GetSchedData.swift; sourceTree = "<group>"; };
		AFE291E02B03BD7B000C9B31 /* CenterSection.swift */ = {isa = PBXFileReference; lastKnownFileType = sourcecode.swift; path = CenterSection.swift; sourceTree = "<group>"; };
		AFE291E32B03BF0E000C9B31 /* GameView.swift */ = {isa = PBXFileReference; lastKnownFileType = sourcecode.swift; path = GameView.swift; sourceTree = "<group>"; };
		AFED2CDE2B0573CB00482832 /* HeaderDivType.swift */ = {isa = PBXFileReference; lastKnownFileType = sourcecode.swift; path = HeaderDivType.swift; sourceTree = "<group>"; };
		AFED2CE02B05741200482832 /* HeaderCompName.swift */ = {isa = PBXFileReference; lastKnownFileType = sourcecode.swift; path = HeaderCompName.swift; sourceTree = "<group>"; };
/* End PBXFileReference section */

/* Begin PBXFrameworksBuildPhase section */
		AF6F77A62B02946A00BC8F15 /* Frameworks */ = {
			isa = PBXFrameworksBuildPhase;
			buildActionMask = 2147483647;
			files = (
			);
			runOnlyForDeploymentPostprocessing = 0;
		};
/* End PBXFrameworksBuildPhase section */

/* Begin PBXGroup section */
		AF6F77A02B02946A00BC8F15 = {
			isa = PBXGroup;
			children = (
				AF6F77AB2B02946A00BC8F15 /* Hockey VIC */,
				AF6F77AA2B02946A00BC8F15 /* Products */,
			);
			sourceTree = "<group>";
		};
		AF6F77AA2B02946A00BC8F15 /* Products */ = {
			isa = PBXGroup;
			children = (
				AF6F77A92B02946A00BC8F15 /* Hockey VIC.app */,
			);
			name = Products;
			sourceTree = "<group>";
		};
		AF6F77AB2B02946A00BC8F15 /* Hockey VIC */ = {
			isa = PBXGroup;
			children = (
				AF6F77AC2B02946A00BC8F15 /* Hockey_VICApp.swift */,
				AF6F77AE2B02946A00BC8F15 /* ContentView.swift */,
				AF6F77B22B02946A00BC8F15 /* Assets.xcassets */,
				AF6F77B42B02946A00BC8F15 /* Preview Content */,
				AF6F77BC2B02975200BC8F15 /* NetworkMonitor.swift */,
				AF6F77BE2B0297E000BC8F15 /* Views */,
				AF6F77D12B029F1800BC8F15 /* Functions */,
			);
			path = "Hockey VIC";
			sourceTree = "<group>";
		};
		AF6F77B42B02946A00BC8F15 /* Preview Content */ = {
			isa = PBXGroup;
			children = (
				AF6F77B52B02946A00BC8F15 /* Preview Assets.xcassets */,
			);
			path = "Preview Content";
			sourceTree = "<group>";
		};
		AF6F77BE2B0297E000BC8F15 /* Views */ = {
			isa = PBXGroup;
			children = (
				AFCAEA3E2B0383D2008CA455 /* Control */,
				AFCAEA3F2B0383ED008CA455 /* Competitions */,
				AF91F3CD2B096A1000BAF6F5 /* Fixture */,
				AFE291E22B03BEED000C9B31 /* Game */,
				AFE291CB2B03A678000C9B31 /* Ladder */,
				AFE291CC2B03A682000C9B31 /* Round */,
				AFE291CD2B03A68C000C9B31 /* Stats */,
				AFCAEA402B0383FF008CA455 /* Teams */,
				AF608B622B06CD5800BF5D5C /* Test.swift */,
			);
			path = Views;
			sourceTree = "<group>";
		};
		AF6F77D12B029F1800BC8F15 /* Functions */ = {
			isa = PBXGroup;
			children = (
				AF6F77D22B029F3300BC8F15 /* GeneralFunctions.swift */,
				AF6F77D42B02AD0800BC8F15 /* SwiftDataModel.swift */,
				AF1CE0CC2B02B1E000F70041 /* Structs.swift */,
				AFE291DC2B03AE31000C9B31 /* GetSchedData.swift */,
				AF05990E2B03D0C400F00E41 /* GetGameData.swift */,
				AF40FD682B044E5B006FAE35 /* GetStatsData.swift */,
				AF40FD702B045968006FAE35 /* GetPlayerData.swift */,
				AF6A888B2B0473B700E08205 /* GetRoundData.swift */,
				AF0F618C2B07605600695359 /* ViewModel.swift */,
				AFC2A10F2B08423A00FF6DB0 /* GetLadderData.swift */,
				AF91F3D02B096B2400BAF6F5 /* GetFixtureData.swift */,
			);
			path = Functions;
			sourceTree = "<group>";
		};
		AF91F3CD2B096A1000BAF6F5 /* Fixture */ = {
			isa = PBXGroup;
			children = (
				AF91F3CE2B096A2500BAF6F5 /* FixtureView.swift */,
				AF91F3D22B096DB200BAF6F5 /* DetailFixtureView.swift */,
			);
			path = Fixture;
			sourceTree = "<group>";
		};
		AFCAEA3E2B0383D2008CA455 /* Control */ = {
			isa = PBXGroup;
			children = (
				AF6F77C92B029B9B00BC8F15 /* LoadingView.swift */,
				AF6F77C32B02983200BC8F15 /* MainTabView.swift */,
				AF6F77BF2B0297FB00BC8F15 /* NoNetworkView.swift */,
				AFE291DA2B03AB17000C9B31 /* ErrorMessageView.swift */,
				AFE291E02B03BD7B000C9B31 /* CenterSection.swift */,
				AF608B602B06BE3500BF5D5C /* HighlightSection.swift */,
				AF46CC402B0986EA00673133 /* FirstSection.swift */,
			);
			path = Control;
			sourceTree = "<group>";
		};
		AFCAEA3F2B0383ED008CA455 /* Competitions */ = {
			isa = PBXGroup;
			children = (
				AF6F77C72B02992400BC8F15 /* SelectCompetitionView.swift */,
				AF6F77CD2B029CC200BC8F15 /* DetailSearchView.swift */,
				AF6F77CF2B029D1600BC8F15 /* DetailCompetitionView.swift */,
			);
			path = Competitions;
			sourceTree = "<group>";
		};
		AFCAEA402B0383FF008CA455 /* Teams */ = {
			isa = PBXGroup;
			children = (
				AFE291D82B03A76A000C9B31 /* SetTeamsView.swift */,
				AF6F77C52B0298C800BC8F15 /* SelectClubView.swift */,
				AFCAEA412B038446008CA455 /* SelectTeamView.swift */,
				AF0599102B03F8D500F00E41 /* DetailTeamView.swift */,
				AFED2CDE2B0573CB00482832 /* HeaderDivType.swift */,
				AFED2CE02B05741200482832 /* HeaderCompName.swift */,
			);
			path = Teams;
			sourceTree = "<group>";
		};
		AFE291CB2B03A678000C9B31 /* Ladder */ = {
			isa = PBXGroup;
			children = (
				AFE291D62B03A728000C9B31 /* LadderView.swift */,
				AF40FD622B04390E006FAE35 /* DetailLadderView.swift */,
				AF40FD5C2B043039006FAE35 /* DetailLadderHeaderView.swift */,
				AF40FD602B043125006FAE35 /* LadderItemView.swift */,
				AF40FD5E2B043053006FAE35 /* DetailLadderItemView.swift */,
			);
			path = Ladder;
			sourceTree = "<group>";
		};
		AFE291CC2B03A682000C9B31 /* Round */ = {
			isa = PBXGroup;
			children = (
				AFE291D42B03A70C000C9B31 /* RoundView.swift */,
				AF6A88892B0472DF00E08205 /* DetailRoundView.swift */,
				AFD9FBB72B0515FA006536C1 /* DetailRoundHeaderView.swift */,
			);
			path = Round;
			sourceTree = "<group>";
		};
		AFE291CD2B03A68C000C9B31 /* Stats */ = {
			isa = PBXGroup;
			children = (
				AFE291D22B03A6F0000C9B31 /* StatisticsView.swift */,
				AF40FD642B044DFB006FAE35 /* DetailStatsView.swift */,
				AF40FD662B044E11006FAE35 /* PlayerStatsView.swift */,
				AF40FD6A2B0450B5006FAE35 /* DetailStatsHeaderView.swift */,
				AF40FD6C2B0458A2006FAE35 /* DetailPlayerStatsView.swift */,
			);
			path = Stats;
			sourceTree = "<group>";
		};
		AFE291E22B03BEED000C9B31 /* Game */ = {
			isa = PBXGroup;
			children = (
				AFE291E32B03BF0E000C9B31 /* GameView.swift */,
				AF0599082B03CF0E00F00E41 /* DetailGameView.swift */,
				AF05990A2B03CF5400F00E41 /* DetailGroundView.swift */,
				AF05990C2B03CF6900F00E41 /* DetailPlayerView.swift */,
			);
			path = Game;
			sourceTree = "<group>";
		};
/* End PBXGroup section */

/* Begin PBXNativeTarget section */
		AF6F77A82B02946A00BC8F15 /* Hockey VIC */ = {
			isa = PBXNativeTarget;
			buildConfigurationList = AF6F77B92B02946A00BC8F15 /* Build configuration list for PBXNativeTarget "Hockey VIC" */;
			buildPhases = (
				AF6F77A52B02946A00BC8F15 /* Sources */,
				AF6F77A62B02946A00BC8F15 /* Frameworks */,
				AF6F77A72B02946A00BC8F15 /* Resources */,
			);
			buildRules = (
			);
			dependencies = (
			);
			name = "Hockey VIC";
			productName = "Hockey VIC";
			productReference = AF6F77A92B02946A00BC8F15 /* Hockey VIC.app */;
			productType = "com.apple.product-type.application";
		};
/* End PBXNativeTarget section */

/* Begin PBXProject section */
		AF6F77A12B02946A00BC8F15 /* Project object */ = {
			isa = PBXProject;
			attributes = {
				BuildIndependentTargetsInParallel = 1;
				LastSwiftUpdateCheck = 1500;
				LastUpgradeCheck = 1500;
				TargetAttributes = {
					AF6F77A82B02946A00BC8F15 = {
						CreatedOnToolsVersion = 15.0.1;
					};
				};
			};
			buildConfigurationList = AF6F77A42B02946A00BC8F15 /* Build configuration list for PBXProject "Hockey VIC" */;
			compatibilityVersion = "Xcode 14.0";
			developmentRegion = en;
			hasScannedForEncodings = 0;
			knownRegions = (
				en,
				Base,
			);
			mainGroup = AF6F77A02B02946A00BC8F15;
			productRefGroup = AF6F77AA2B02946A00BC8F15 /* Products */;
			projectDirPath = "";
			projectRoot = "";
			targets = (
				AF6F77A82B02946A00BC8F15 /* Hockey VIC */,
			);
		};
/* End PBXProject section */

/* Begin PBXResourcesBuildPhase section */
		AF6F77A72B02946A00BC8F15 /* Resources */ = {
			isa = PBXResourcesBuildPhase;
			buildActionMask = 2147483647;
			files = (
				AF6F77B62B02946A00BC8F15 /* Preview Assets.xcassets in Resources */,
				AF6F77B32B02946A00BC8F15 /* Assets.xcassets in Resources */,
			);
			runOnlyForDeploymentPostprocessing = 0;
		};
/* End PBXResourcesBuildPhase section */

/* Begin PBXSourcesBuildPhase section */
		AF6F77A52B02946A00BC8F15 /* Sources */ = {
			isa = PBXSourcesBuildPhase;
			buildActionMask = 2147483647;
			files = (
				AF6F77AF2B02946A00BC8F15 /* ContentView.swift in Sources */,
				AF6F77CE2B029CC200BC8F15 /* DetailSearchView.swift in Sources */,
				AF05990B2B03CF5400F00E41 /* DetailGroundView.swift in Sources */,
				AF40FD632B04390E006FAE35 /* DetailLadderView.swift in Sources */,
				AFE291D72B03A728000C9B31 /* LadderView.swift in Sources */,
				AF40FD712B045968006FAE35 /* GetPlayerData.swift in Sources */,
				AF6F77C62B0298C800BC8F15 /* SelectClubView.swift in Sources */,
				AFED2CE12B05741200482832 /* HeaderCompName.swift in Sources */,
				AFE291E12B03BD7B000C9B31 /* CenterSection.swift in Sources */,
				AF6F77BD2B02975200BC8F15 /* NetworkMonitor.swift in Sources */,
				AF6F77C02B0297FB00BC8F15 /* NoNetworkView.swift in Sources */,
				AF91F3D32B096DB200BAF6F5 /* DetailFixtureView.swift in Sources */,
				AF40FD6B2B0450B5006FAE35 /* DetailStatsHeaderView.swift in Sources */,
				AFE291DD2B03AE31000C9B31 /* GetSchedData.swift in Sources */,
				AF0599112B03F8D500F00E41 /* DetailTeamView.swift in Sources */,
				AF0599092B03CF0E00F00E41 /* DetailGameView.swift in Sources */,
				AF6F77C82B02992400BC8F15 /* SelectCompetitionView.swift in Sources */,
				AF40FD6D2B0458A2006FAE35 /* DetailPlayerStatsView.swift in Sources */,
				AF6A888A2B0472DF00E08205 /* DetailRoundView.swift in Sources */,
				AF91F3CF2B096A2500BAF6F5 /* FixtureView.swift in Sources */,
				AF40FD692B044E5B006FAE35 /* GetStatsData.swift in Sources */,
				AFC2A1102B08423A00FF6DB0 /* GetLadderData.swift in Sources */,
				AF6F77D02B029D1600BC8F15 /* DetailCompetitionView.swift in Sources */,
				AFE291D92B03A76A000C9B31 /* SetTeamsView.swift in Sources */,
				AFE291E42B03BF0E000C9B31 /* GameView.swift in Sources */,
				AF05990F2B03D0C400F00E41 /* GetGameData.swift in Sources */,
				AF6F77C42B02983200BC8F15 /* MainTabView.swift in Sources */,
				AF6F77D32B029F3300BC8F15 /* GeneralFunctions.swift in Sources */,
				AF40FD612B043125006FAE35 /* LadderItemView.swift in Sources */,
				AFED2CDF2B0573CB00482832 /* HeaderDivType.swift in Sources */,
				AF0F618D2B07605600695359 /* ViewModel.swift in Sources */,
				AF1CE0CD2B02B1E000F70041 /* Structs.swift in Sources */,
				AF608B632B06CD5800BF5D5C /* Test.swift in Sources */,
				AF05990D2B03CF6900F00E41 /* DetailPlayerView.swift in Sources */,
				AFE291D32B03A6F0000C9B31 /* StatisticsView.swift in Sources */,
				AF6F77AD2B02946A00BC8F15 /* Hockey_VICApp.swift in Sources */,
				AFD9FBB82B0515FA006536C1 /* DetailRoundHeaderView.swift in Sources */,
				AF6F77CA2B029B9B00BC8F15 /* LoadingView.swift in Sources */,
				AF46CC412B0986EA00673133 /* FirstSection.swift in Sources */,
				AF91F3D12B096B2400BAF6F5 /* GetFixtureData.swift in Sources */,
				AFE291D52B03A70C000C9B31 /* RoundView.swift in Sources */,
				AFE291DB2B03AB17000C9B31 /* ErrorMessageView.swift in Sources */,
				AF40FD5D2B043039006FAE35 /* DetailLadderHeaderView.swift in Sources */,
				AF40FD672B044E11006FAE35 /* PlayerStatsView.swift in Sources */,
				AF40FD652B044DFB006FAE35 /* DetailStatsView.swift in Sources */,
				AFCAEA422B038446008CA455 /* SelectTeamView.swift in Sources */,
				AF608B612B06BE3500BF5D5C /* HighlightSection.swift in Sources */,
				AF6A888C2B0473B700E08205 /* GetRoundData.swift in Sources */,
				AF40FD5F2B043053006FAE35 /* DetailLadderItemView.swift in Sources */,
				AF6F77D52B02AD0800BC8F15 /* SwiftDataModel.swift in Sources */,
			);
			runOnlyForDeploymentPostprocessing = 0;
		};
/* End PBXSourcesBuildPhase section */

/* Begin XCBuildConfiguration section */
		AF6F77B72B02946A00BC8F15 /* Debug */ = {
			isa = XCBuildConfiguration;
			buildSettings = {
				ALWAYS_SEARCH_USER_PATHS = NO;
				ASSETCATALOG_COMPILER_GENERATE_SWIFT_ASSET_SYMBOL_EXTENSIONS = YES;
				CLANG_ANALYZER_NONNULL = YES;
				CLANG_ANALYZER_NUMBER_OBJECT_CONVERSION = YES_AGGRESSIVE;
				CLANG_CXX_LANGUAGE_STANDARD = "gnu++20";
				CLANG_ENABLE_MODULES = YES;
				CLANG_ENABLE_OBJC_ARC = YES;
				CLANG_ENABLE_OBJC_WEAK = YES;
				CLANG_WARN_BLOCK_CAPTURE_AUTORELEASING = YES;
				CLANG_WARN_BOOL_CONVERSION = YES;
				CLANG_WARN_COMMA = YES;
				CLANG_WARN_CONSTANT_CONVERSION = YES;
				CLANG_WARN_DEPRECATED_OBJC_IMPLEMENTATIONS = YES;
				CLANG_WARN_DIRECT_OBJC_ISA_USAGE = YES_ERROR;
				CLANG_WARN_DOCUMENTATION_COMMENTS = YES;
				CLANG_WARN_EMPTY_BODY = YES;
				CLANG_WARN_ENUM_CONVERSION = YES;
				CLANG_WARN_INFINITE_RECURSION = YES;
				CLANG_WARN_INT_CONVERSION = YES;
				CLANG_WARN_NON_LITERAL_NULL_CONVERSION = YES;
				CLANG_WARN_OBJC_IMPLICIT_RETAIN_SELF = YES;
				CLANG_WARN_OBJC_LITERAL_CONVERSION = YES;
				CLANG_WARN_OBJC_ROOT_CLASS = YES_ERROR;
				CLANG_WARN_QUOTED_INCLUDE_IN_FRAMEWORK_HEADER = YES;
				CLANG_WARN_RANGE_LOOP_ANALYSIS = YES;
				CLANG_WARN_STRICT_PROTOTYPES = YES;
				CLANG_WARN_SUSPICIOUS_MOVE = YES;
				CLANG_WARN_UNGUARDED_AVAILABILITY = YES_AGGRESSIVE;
				CLANG_WARN_UNREACHABLE_CODE = YES;
				CLANG_WARN__DUPLICATE_METHOD_MATCH = YES;
				COPY_PHASE_STRIP = NO;
				DEBUG_INFORMATION_FORMAT = dwarf;
				ENABLE_STRICT_OBJC_MSGSEND = YES;
				ENABLE_TESTABILITY = YES;
				ENABLE_USER_SCRIPT_SANDBOXING = YES;
				GCC_C_LANGUAGE_STANDARD = gnu17;
				GCC_DYNAMIC_NO_PIC = NO;
				GCC_NO_COMMON_BLOCKS = YES;
				GCC_OPTIMIZATION_LEVEL = 0;
				GCC_PREPROCESSOR_DEFINITIONS = (
					"DEBUG=1",
					"$(inherited)",
				);
				GCC_WARN_64_TO_32_BIT_CONVERSION = YES;
				GCC_WARN_ABOUT_RETURN_TYPE = YES_ERROR;
				GCC_WARN_UNDECLARED_SELECTOR = YES;
				GCC_WARN_UNINITIALIZED_AUTOS = YES_AGGRESSIVE;
				GCC_WARN_UNUSED_FUNCTION = YES;
				GCC_WARN_UNUSED_VARIABLE = YES;
				IPHONEOS_DEPLOYMENT_TARGET = 17.0;
				LOCALIZATION_PREFERS_STRING_CATALOGS = YES;
				MTL_ENABLE_DEBUG_INFO = INCLUDE_SOURCE;
				MTL_FAST_MATH = YES;
				ONLY_ACTIVE_ARCH = YES;
				SDKROOT = iphoneos;
				SWIFT_ACTIVE_COMPILATION_CONDITIONS = "DEBUG $(inherited)";
				SWIFT_OPTIMIZATION_LEVEL = "-Onone";
			};
			name = Debug;
		};
		AF6F77B82B02946A00BC8F15 /* Release */ = {
			isa = XCBuildConfiguration;
			buildSettings = {
				ALWAYS_SEARCH_USER_PATHS = NO;
				ASSETCATALOG_COMPILER_GENERATE_SWIFT_ASSET_SYMBOL_EXTENSIONS = YES;
				CLANG_ANALYZER_NONNULL = YES;
				CLANG_ANALYZER_NUMBER_OBJECT_CONVERSION = YES_AGGRESSIVE;
				CLANG_CXX_LANGUAGE_STANDARD = "gnu++20";
				CLANG_ENABLE_MODULES = YES;
				CLANG_ENABLE_OBJC_ARC = YES;
				CLANG_ENABLE_OBJC_WEAK = YES;
				CLANG_WARN_BLOCK_CAPTURE_AUTORELEASING = YES;
				CLANG_WARN_BOOL_CONVERSION = YES;
				CLANG_WARN_COMMA = YES;
				CLANG_WARN_CONSTANT_CONVERSION = YES;
				CLANG_WARN_DEPRECATED_OBJC_IMPLEMENTATIONS = YES;
				CLANG_WARN_DIRECT_OBJC_ISA_USAGE = YES_ERROR;
				CLANG_WARN_DOCUMENTATION_COMMENTS = YES;
				CLANG_WARN_EMPTY_BODY = YES;
				CLANG_WARN_ENUM_CONVERSION = YES;
				CLANG_WARN_INFINITE_RECURSION = YES;
				CLANG_WARN_INT_CONVERSION = YES;
				CLANG_WARN_NON_LITERAL_NULL_CONVERSION = YES;
				CLANG_WARN_OBJC_IMPLICIT_RETAIN_SELF = YES;
				CLANG_WARN_OBJC_LITERAL_CONVERSION = YES;
				CLANG_WARN_OBJC_ROOT_CLASS = YES_ERROR;
				CLANG_WARN_QUOTED_INCLUDE_IN_FRAMEWORK_HEADER = YES;
				CLANG_WARN_RANGE_LOOP_ANALYSIS = YES;
				CLANG_WARN_STRICT_PROTOTYPES = YES;
				CLANG_WARN_SUSPICIOUS_MOVE = YES;
				CLANG_WARN_UNGUARDED_AVAILABILITY = YES_AGGRESSIVE;
				CLANG_WARN_UNREACHABLE_CODE = YES;
				CLANG_WARN__DUPLICATE_METHOD_MATCH = YES;
				COPY_PHASE_STRIP = NO;
				DEBUG_INFORMATION_FORMAT = "dwarf-with-dsym";
				ENABLE_NS_ASSERTIONS = NO;
				ENABLE_STRICT_OBJC_MSGSEND = YES;
				ENABLE_USER_SCRIPT_SANDBOXING = YES;
				GCC_C_LANGUAGE_STANDARD = gnu17;
				GCC_NO_COMMON_BLOCKS = YES;
				GCC_WARN_64_TO_32_BIT_CONVERSION = YES;
				GCC_WARN_ABOUT_RETURN_TYPE = YES_ERROR;
				GCC_WARN_UNDECLARED_SELECTOR = YES;
				GCC_WARN_UNINITIALIZED_AUTOS = YES_AGGRESSIVE;
				GCC_WARN_UNUSED_FUNCTION = YES;
				GCC_WARN_UNUSED_VARIABLE = YES;
				IPHONEOS_DEPLOYMENT_TARGET = 17.0;
				LOCALIZATION_PREFERS_STRING_CATALOGS = YES;
				MTL_ENABLE_DEBUG_INFO = NO;
				MTL_FAST_MATH = YES;
				SDKROOT = iphoneos;
				SWIFT_COMPILATION_MODE = wholemodule;
				VALIDATE_PRODUCT = YES;
			};
			name = Release;
		};
		AF6F77BA2B02946A00BC8F15 /* Debug */ = {
			isa = XCBuildConfiguration;
			buildSettings = {
				ASSETCATALOG_COMPILER_APPICON_NAME = AppIcon;
				ASSETCATALOG_COMPILER_GLOBAL_ACCENT_COLOR_NAME = AccentColor;
				CODE_SIGN_STYLE = Automatic;
				CURRENT_PROJECT_VERSION = 1;
				DEVELOPMENT_ASSET_PATHS = "\"Hockey VIC/Preview Content\"";
				DEVELOPMENT_TEAM = 4W572TG7MY;
				ENABLE_PREVIEWS = YES;
				GENERATE_INFOPLIST_FILE = YES;
				INFOPLIST_KEY_UIApplicationSceneManifest_Generation = YES;
				INFOPLIST_KEY_UIApplicationSupportsIndirectInputEvents = YES;
				INFOPLIST_KEY_UILaunchScreen_Generation = YES;
				INFOPLIST_KEY_UISupportedInterfaceOrientations = UIInterfaceOrientationPortrait;
				INFOPLIST_KEY_UISupportedInterfaceOrientations_iPad = "UIInterfaceOrientationLandscapeLeft UIInterfaceOrientationLandscapeRight UIInterfaceOrientationPortrait UIInterfaceOrientationPortraitUpsideDown";
				LD_RUNPATH_SEARCH_PATHS = (
					"$(inherited)",
					"@executable_path/Frameworks",
				);
				MARKETING_VERSION = 1.0;
				PRODUCT_BUNDLE_IDENTIFIER = "com.brettmoxey.Hockey-VIC";
				PRODUCT_NAME = "$(TARGET_NAME)";
				SUPPORTED_PLATFORMS = "iphoneos iphonesimulator";
				SUPPORTS_MACCATALYST = NO;
				SWIFT_EMIT_LOC_STRINGS = YES;
				SWIFT_VERSION = 5.0;
				TARGETED_DEVICE_FAMILY = 1;
			};
			name = Debug;
		};
		AF6F77BB2B02946A00BC8F15 /* Release */ = {
			isa = XCBuildConfiguration;
			buildSettings = {
				ASSETCATALOG_COMPILER_APPICON_NAME = AppIcon;
				ASSETCATALOG_COMPILER_GLOBAL_ACCENT_COLOR_NAME = AccentColor;
				CODE_SIGN_STYLE = Automatic;
				CURRENT_PROJECT_VERSION = 1;
				DEVELOPMENT_ASSET_PATHS = "\"Hockey VIC/Preview Content\"";
				DEVELOPMENT_TEAM = 4W572TG7MY;
				ENABLE_PREVIEWS = YES;
				GENERATE_INFOPLIST_FILE = YES;
				INFOPLIST_KEY_UIApplicationSceneManifest_Generation = YES;
				INFOPLIST_KEY_UIApplicationSupportsIndirectInputEvents = YES;
				INFOPLIST_KEY_UILaunchScreen_Generation = YES;
				INFOPLIST_KEY_UISupportedInterfaceOrientations = UIInterfaceOrientationPortrait;
				INFOPLIST_KEY_UISupportedInterfaceOrientations_iPad = "UIInterfaceOrientationLandscapeLeft UIInterfaceOrientationLandscapeRight UIInterfaceOrientationPortrait UIInterfaceOrientationPortraitUpsideDown";
				LD_RUNPATH_SEARCH_PATHS = (
					"$(inherited)",
					"@executable_path/Frameworks",
				);
				MARKETING_VERSION = 1.0;
				PRODUCT_BUNDLE_IDENTIFIER = "com.brettmoxey.Hockey-VIC";
				PRODUCT_NAME = "$(TARGET_NAME)";
				SUPPORTED_PLATFORMS = "iphoneos iphonesimulator";
				SUPPORTS_MACCATALYST = NO;
				SWIFT_EMIT_LOC_STRINGS = YES;
				SWIFT_VERSION = 5.0;
				TARGETED_DEVICE_FAMILY = 1;
			};
			name = Release;
		};
/* End XCBuildConfiguration section */

/* Begin XCConfigurationList section */
		AF6F77A42B02946A00BC8F15 /* Build configuration list for PBXProject "Hockey VIC" */ = {
			isa = XCConfigurationList;
			buildConfigurations = (
				AF6F77B72B02946A00BC8F15 /* Debug */,
				AF6F77B82B02946A00BC8F15 /* Release */,
			);
			defaultConfigurationIsVisible = 0;
			defaultConfigurationName = Release;
		};
		AF6F77B92B02946A00BC8F15 /* Build configuration list for PBXNativeTarget "Hockey VIC" */ = {
			isa = XCConfigurationList;
			buildConfigurations = (
				AF6F77BA2B02946A00BC8F15 /* Debug */,
				AF6F77BB2B02946A00BC8F15 /* Release */,
			);
			defaultConfigurationIsVisible = 0;
			defaultConfigurationName = Release;
		};
/* End XCConfigurationList section */
	};
	rootObject = AF6F77A12B02946A00BC8F15 /* Project object */;
}
